
Microsoft Visual Studio Solution File, Format Version 12.00
# Visual Studio Version 17
VisualStudioVersion = 17.12.35527.113 d17.12
MinimumVisualStudioVersion = 10.0.40219.1
Project("{FAE04EC0-301F-11D3-BF4B-00C04F79EFBC}") = "CompressedVideoService", "CompressedVideoService\CompressedVideoService.csproj", "{B3932E96-F966-4EC0-B795-B1F45CA930E7}"
EndProject
Project("{FAE04EC0-301F-11D3-BF4B-00C04F79EFBC}") = "CompressedVideoApp", "CompressedVideoApp\CompressedVideoApp.csproj", "{372260D6-F62A-4467-854F-088630966E5E}"
EndProject
Global
	GlobalSection(SolutionConfigurationPlatforms) = preSolution
		Debug|Any CPU = Debug|Any CPU
		Debug|x64 = Debug|x64
		Release|Any CPU = Release|Any CPU
		Release|x64 = Release|x64
	EndGlobalSection
	GlobalSection(ProjectConfigurationPlatforms) = postSolution
		{B3932E96-F966-4EC0-B795-B1F45CA930E7}.Debug|Any CPU.ActiveCfg = Debug|Any CPU
		{B3932E96-F966-4EC0-B795-B1F45CA930E7}.Debug|Any CPU.Build.0 = Debug|Any CPU
		{B3932E96-F966-4EC0-B795-B1F45CA930E7}.Debug|x64.ActiveCfg = Debug|x64
		{B3932E96-F966-4EC0-B795-B1F45CA930E7}.Debug|x64.Build.0 = Debug|x64
		{B3932E96-F966-4EC0-B795-B1F45CA930E7}.Release|Any CPU.ActiveCfg = Release|Any CPU
		{B3932E96-F966-4EC0-B795-B1F45CA930E7}.Release|Any CPU.Build.0 = Release|Any CPU
		{B3932E96-F966-4EC0-B795-B1F45CA930E7}.Release|x64.ActiveCfg = Release|x64
		{B3932E96-F966-4EC0-B795-B1F45CA930E7}.Release|x64.Build.0 = Release|x64
		{372260D6-F62A-4467-854F-088630966E5E}.Debug|Any CPU.ActiveCfg = Debug|Any CPU
		{372260D6-F62A-4467-854F-088630966E5E}.Debug|Any CPU.Build.0 = Debug|Any CPU
		{372260D6-F62A-4467-854F-088630966E5E}.Debug|x64.ActiveCfg = Debug|Any CPU
		{372260D6-F62A-4467-854F-088630966E5E}.Debug|x64.Build.0 = Debug|Any CPU
		{372260D6-F62A-4467-854F-088630966E5E}.Release|Any CPU.ActiveCfg = Release|Any CPU
		{372260D6-F62A-4467-854F-088630966E5E}.Release|Any CPU.Build.0 = Release|Any CPU
		{372260D6-F62A-4467-854F-088630966E5E}.Release|x64.ActiveCfg = Release|Any CPU
		{372260D6-F62A-4467-854F-088630966E5E}.Release|x64.Build.0 = Release|Any CPU
	EndGlobalSection
	GlobalSection(SolutionProperties) = preSolution
		HideSolutionNode = FALSE
	EndGlobalSection
EndGlobal
